{
    "_meta": {
        "hash": {
            "sha256": "3bff94cd2bb89c67f78ec3fdb148f567680eabd633794d93918ec505dfd67b59"
        },
        "pipfile-spec": 6,
        "requires": {
            "python_version": "3.10"
        },
        "sources": [
            {
                "name": "pypi",
                "url": "https://pypi.org/simple",
                "verify_ssl": true
            }
        ]
    },
    "default": {
        "alembic": {
            "hashes": [
                "sha256:77eb101048d95f982c0353e9233404889dcd7a6fc244c107836c0e2fc9cf7d9d",
                "sha256:db505480647bc60386c5369402f4a57a506b7539c9e9ef5e270d45cbbe4939bf"
            ],
            "markers": "python_version >= '3.10'",
            "version": "==1.20.0"
        },
        "asttokens": {
            "hashes": [
                "sha256:3ecdbd8f2cc195f53ccada3a613538bb5f9ef6f6869129f13e03c30a677b8fe2",
                "sha256:9da13157f5b28becde0bd374fc677dcd3c290614264eff096f167c469cd9f933"
            ],
            "markers": "python_version >= '3.8'",
            "version": "==3.0.2"
        },
        "click": {
            "hashes": [
                "sha256:255bc9599cf7748b4b1a446ccc735421bd08a2ae529a8b88597d3de5664ee360",
                "sha256:ba0d2089de75ea0310e2dde03160e6ca10009947fb95a182f9b54021bb272e34"
            ],
            "markers": "python_version >= '3.10'",
            "version": "==8.5.0"
        },
        "decorator": {
            "hashes": [
                "sha256:4cbcdd55a6efadb9dbea26b858f4fb3264567b52d69ca0d25b721b553f60ea82",
                "sha256:f47fe6fdbd2edd623ecfe36875d37aba411624e2670dd395dddae1358689bb3c"
            ],
            "markers": "python_version >= '3.8'",
            "version": "==5.3.1"
        },
        "exceptiongroup": {
            "hashes": [
                "sha256:8b412432c6055b0b7d14c310000ae93352ed6754f70fa8f7c34141f91c4e3219",
                "sha256:a7a39a3bd276781e98394987d3a5701d0c4edffb633bb7a5144577f82c773598"
            ],
            "markers": "python_version >= '3.7'",
            "version": "==1.3.1"
        },
        "executing": {
            "hashes": [
                "sha256:3632cc370565f6648cc328b32435bd120a1e4ebb20c77e3fdde9a13cd1e533c4",
                "sha256:760643d3452b4d777d295bb167ccc74c64a81df23fb5e08eff250c425a4b2017"
            ],
            "markers": "python_version >= '3.8'",
            "version": "==2.2.1"
        },
        "flask": {
            "hashes": [
                "sha256:642c450d19c4ad482f96729bd2a8f6d32554aa1e231f4f6b4e7e5264b16cca2b",
                "sha256:b9c46cc36662a7949f34b52d8ec7bb59c0d74ba08ba6cb9ce9adc1d8676d9526"
            ],
            "index": "pypi",
            "markers": "python_version >= '3.7'",
            "version": "==2.2.2"
        },
        "flask-migrate": {
            "hashes": [
                "sha256:57d6060839e3a7f150eaab6fe4e726d9e3e7cffe2150fb223d73f92421c6d1d9",
                "sha256:a6498706241aba6be7a251078de9cf166d74307bca41a4ca3e403c9d39e2f897"
            ],
            "index": "pypi",
            "markers": "python_version >= '3.6'",
            "version": "==3.1.0"
        },
        "flask-sqlalchemy": {
            "hashes": [
                "sha256:2764335f3c9d7ebdc9ed6044afaf98aae9fa50d7a074cef55dde307ec95903ec",
                "sha256:add5750b2f9cd10512995261ee2aa23fab85bd5626061aa3c564b33bb4aa780a"
            ],
            "index": "pypi",
            "markers": "python_version >= '3.7'",
            "version": "==3.0.3"
        },
        "importlib-metadata": {
            "hashes": [
                "sha256:7efb448ec9a5e313a57655d35aa54cd3e01b7e1fbcf72dce1bf06119420f5bad",
                "sha256:e354bedeb60efa6affdcc8ae121b73544a7aa74156d047311948f6d711cd378d"
            ],
            "index": "pypi",
            "markers": "python_version >= '3.7'",
            "version": "==6.0.0"
        },
        "importlib-resources": {
            "hashes": [
                "sha256:c01b1b94210d9849f286b86bb51bcea7cd56dde0600d8db721d7b81330711668",
                "sha256:ee17ec648f85480d523596ce49eae8ead87d5631ae1551f913c0100b5edd3437"
            ],
            "index": "pypi",
            "markers": "python_version >= '3.7'",
            "version": "==5.10.0"
        },
        "ipdb": {
            "hashes": [
                "sha256:951bd9a64731c444fd907a5ce268543020086a697f6be08f7cc2c9a752a278c5"
            ],
            "index": "pypi",
            "version": "==0.13.9"
        },
        "ipython": {
            "hashes": [
                "sha256:4110ae96012c379b8b6db898a07e186c40a2a1ef5d57a7fa83166047d9da7624",
                "sha256:bb3c51c4fa8148ab1dea07a79584d1c854e234ea44aa1283bcb37bc75054651f"
            ],
            "markers": "python_version >= '3.10'",
            "version": "==8.39.0"
        },
        "itsdangerous": {
            "hashes": [
                "sha256:c6242fc49e35958c8b15141343aa660db5fc54d4f13a1db01a3f5891b98700ef",
                "sha256:e0050c0b7da1eea53ffaf149c0cfbb5c6e2e2b69c4bef22c81fa6eb73e5f6173"
            ],
            "markers": "python_version >= '3.8'",
            "version": "==2.2.0"
        },
        "jedi": {
            "hashes": [
                "sha256:7bdd9c2634f56713299976f4cbd59cb3fa92165cc5e05ea811fb253480728b67",
                "sha256:c3f4ccbd276696f4b19c54618d4fb18f9fc24b0aef02acf704b23f487daa1011"
            ],
            "markers": "python_version >= '3.10'",
            "version": "==0.20.0"
        },
        "jinja2": {
            "hashes": [
                "sha256:0137fb05990d35f1275a587e9aee6d56da821fc83491a0fb838183be43f66d6d",
                "sha256:85ece4451f492d0c13c5dd7c13a64681a86afae63a5f347908daf103ce6d2f67"
            ],
            "markers": "python_version >= '3.7'",
            "version": "==3.1.6"
        },
        "mako": {
            "hashes": [
                "sha256:723296007c870bfd6b3f0c3230dba7198096e5269297ebf5e4eff9e7ffa39d4f",
                "sha256:cd6537fe88d5fec315c55c2f8529bc4ce7a9a352ad7db3eeaa6a66e2dd4ec37a"
            ],
            "markers": "python_version >= '3.10'",
            "version": "==1.4.3"
        },
        "markupsafe": {
            "hashes": [
                "sha256:0303439a41979d9e74d18ff5e2dd8c43ed6c6001fd40e5bf2e43f7bd9bbc523f",
                "sha256:068f375c472b3e7acbe2d5318dea141359e6900156b5b2ba06a30b169086b91a",
                "sha256:0bf2a864d67e76e5c9a34dc26ec616a66b9888e25e7b9460e1c76d3293bd9dbf",
                "sha256:0db14f5dafddbb6d9208827849fad01f1a2609380add406671a26386cdf15a19",
                "sha256:0eb9ff8191e8498cca014656ae6b8d61f39da5f95b488805da4bb029cccbfbaf",
                "sha256:0f4b68347f8c5eab4a13419215bdfd7f8c9b19f2b25520968adfad23eb0ce60c",
                "sha256:1085e7fbddd3be5f89cc898938f42c0b3c711fdcb37d75221de2666af647c175",
                "sha256:116bb52f642a37c115f517494ea5feb03889e04df47eeff5b130b1808ce7c219",
                "sha256:12c63dfb4a98206f045aa9563db46507995f7ef6d83b2f68eda65c307c6829eb",
                "sha256:133a43e73a802c5562be9bbcd03d090aa5a1fe899db609c29e8c8d815c5f6de6",
                "sha256:1353ef0c1b138e1907ae78e2f6c63ff67501122006b0f9abad68fda5f4ffc6ab",
                "sha256:15d939a21d546304880945ca1ecb8a039db6b4dc49b2c5a400387cdae6a62e26",
                "sha256:177b5253b2834fe3678cb4a5f0059808258584c559193998be2601324fdeafb1",
                "sha256:1872df69a4de6aead3491198eaf13810b565bdbeec3ae2dc8780f14458ec73ce",
                "sha256:1b4b79e8ebf6b55351f0d91fe80f893b4743f104bff22e90697db1590e47a218",
                "sha256:1b52b4fb9df4eb9ae465f8d0c228a00624de2334f216f178a995ccdcf82c4634",
                "sha256:1ba88449deb3de88bd40044603fafffb7bc2b055d626a330323a9ed736661695",
                "sha256:1cc7ea17a6824959616c525620e387f6dd30fec8cb44f649e31712db02123dad",
                "sha256:218551f6df4868a8d527e3062d0fb968682fe92054e89978594c28e642c43a73",
                "sha256:26a5784ded40c9e318cfc2bdb30fe164bdb8665ded9cd64d500a34fb42067b1c",
                "sha256:2713baf880df847f2bece4230d4d094280f4e67b1e813eec43b4c0e144a34ffe",
                "sha256:2a15a08b17dd94c53a1da0438822d70ebcd13f8c3a95abe3a9ef9f11a94830aa",
                "sha256:2f981d352f04553a7171b8e44369f2af4055f888dfb147d55e42d29e29e74559",
                "sha256:32001d6a8fc98c8cb5c947787c5d08b0a50663d139f1305bac5885d98d9b40fa",
                "sha256:3524b778fe5cfb3452a09d31e7b5adefeea8c5be1d43c4f810ba09f2ceb29d37",
                "sha256:3537e01efc9d4dccdf77221fb1cb3b8e1a38d5428920e0657ce299b20324d758",
                "sha256:35add3b638a5d900e807944a078b51922212fb3dedb01633a8defc4b01a3c85f",
                "sha256:38664109c14ffc9e7437e86b4dceb442b0096dfe3541d7864d9cbe1da4cf36c8",
                "sha256:3a7e8ae81ae39e62a41ec302f972ba6ae23a5c5396c8e60113e9066ef893da0d",
                "sha256:3b562dd9e9ea93f13d53989d23a7e775fdfd1066c33494ff43f5418bc8c58a5c",
                "sha256:457a69a9577064c05a97c41f4e65148652db078a3a509039e64d3467b9e7ef97",
                "sha256:4bd4cd07944443f5a265608cc6aab442e4f74dff8088b0dfc8238647b8f6ae9a",
                "sha256:4e885a3d1efa2eadc93c894a21770e4bc67899e3543680313b09f139e149ab19",
                "sha256:4faffd047e07c38848ce017e8725090413cd80cbc23d86e55c587bf979e579c9",
                "sha256:509fa21c6deb7a7a273d629cf5ec029bc209d1a51178615ddf718f5918992ab9",
                "sha256:5678211cb9333a6468fb8d8be0305520aa073f50d17f089b5b4b477ea6e67fdc",
                "sha256:591ae9f2a647529ca990bc681daebdd52c8791ff06c2bfa05b65163e28102ef2",
                "sha256:5a7d5dc5140555cf21a6fefbdbf8723f06fcd2f63ef108f2854de715e4422cb4",
                "sha256:69c0b73548bc525c8cb9a251cddf1931d1db4d2258e9599c28c07ef3580ef354",
                "sha256:6b5420a1d9450023228968e7e6a9ce57f65d148ab56d2313fcd589eee96a7a50",
                "sha256:722695808f4b6457b320fdc131280796bdceb04ab50fe1795cd540799ebe1698",
                "sha256:729586769a26dbceff69f7a7dbbf59ab6572b99d94576a5592625d5b411576b9",
                "sha256:77f0643abe7495da77fb436f50f8dab76dbc6e5fd25d39589a0f1fe6548bfa2b",
                "sha256:795e7751525cae078558e679d646ae45574b47ed6e7771863fcc079a6171a0fc",
                "sha256:7be7b61bb172e1ed687f1754f8e7484f1c8019780f6f6b0786e76bb01c2ae115",
                "sha256:7c3fb7d25180895632e5d3148dbdc29ea38ccb7fd210aa27acbd1201a1902c6e",
                "sha256:7e68f88e5b8799aa49c85cd116c932a1ac15caaa3f5db09087854d218359e485",
                "sha256:83891d0e9fb81a825d9a6d61e3f07550ca70a076484292a70fde82c4b807286f",
                "sha256:8485f406a96febb5140bfeca44a73e3ce5116b2501ac54fe953e488fb1d03b12",
                "sha256:8709b08f4a89aa7586de0aadc8da56180242ee0ada3999749b183aa23df95025",
                "sha256:8f71bc33915be5186016f675cd83a1e08523649b0e33efdb898db577ef5bb009",
                "sha256:915c04ba3851909ce68ccc2b8e2cd691618c4dc4c4232fb7982bca3f41fd8c3d",
                "sha256:949b8d66bc381ee8b007cd945914c721d9aba8e27f71959d750a46f7c282b20b",
                "sha256:94c6f0bb423f739146aec64595853541634bde58b2135f27f61c1ffd1cd4d16a",
                "sha256:9a1abfdc021a164803f4d485104931fb8f8c1efd55bc6b748d2f5774e78b62c5",
                "sha256:9b79b7a16f7fedff2495d684f2b59b0457c3b493778c9eed31111be64d58279f",
                "sha256:a320721ab5a1aba0a233739394eb907f8c8da5c98c9181d1161e77a0c8e36f2d",
                "sha256:a4afe79fb3de0b7097d81da19090f4df4f8d3a2b3adaa8764138aac2e44f3af1",
                "sha256:ad2cf8aa28b8c020ab2fc8287b0f823d0a7d8630784c31e9ee5edea20f406287",
                "sha256:b8512a91625c9b3da6f127803b166b629725e68af71f8184ae7e7d54686a56d6",
                "sha256:bc51efed119bc9cfdf792cdeaa4d67e8f6fcccab66ed4bfdd6bde3e59bfcbb2f",
                "sha256:bdc919ead48f234740ad807933cdf545180bfbe9342c2bb451556db2ed958581",
                "sha256:bdd37121970bfd8be76c5fb069c7751683bdf373db1ed6c010162b2a130248ed",
                "sha256:be8813b57049a7dc738189df53d69395eba14fb99345e0a5994914a3864c8a4b",
                "sha256:c0c0b3ade1c0b13b936d7970b1d37a57acde9199dc2aecc4c336773e1d86049c",
                "sha256:c47a551199eb8eb2121d4f0f15ae0f923d31350ab9280078d1e5f12b249e0026",
                "sha256:c4ffb7ebf07cfe8931028e3e4c85f0357459a3f9f9490886198848f4fa002ec8",
                "sha256:ccfcd093f13f0f0b7fdd0f198b90053bf7b2f02a3927a30e63f3ccc9df56b676",
                "sha256:d2ee202e79d8ed691ceebae8e0486bd9a2cd4794cec4824e1c99b6f5009502f6",
                "sha256:d53197da72cc091b024dd97249dfc7794d6a56530370992a5e1a08983ad9230e",
                "sha256:d6dd0be5b5b189d31db7cda48b91d7e0a9795f31430b7f271219ab30f1d3ac9d",
                "sha256:d88b440e37a16e651bda4c7c2b930eb586fd15ca7406cb39e211fcff3bf3017d",
                "sha256:de8a88e63464af587c950061a5e6a67d3632e36df62b986892331d4620a35c01",
                "sha256:df2449253ef108a379b8b5d6b43f4b1a8e81a061d6537becd5582fba5f9196d7",
                "sha256:e1c1493fb6e50ab01d20a22826e57520f1284df32f2d8601fdd90b6304601419",
                "sha256:e1cf1972137e83c5d4c136c43ced9ac51d0e124706ee1c8aa8532c1287fa8795",
                "sha256:e2103a929dfa2fcaf9bb4e7c091983a49c9ac3b19c9061b6d5427dd7d14d81a1",
                "sha256:e56b7d45a839a697b5eb268c82a71bd8c7f6c94d6fd50c3d577fa39a9f1409f5",
                "sha256:e8afc3f2ccfa24215f8cb28dcf43f0113ac3c37c2f0f0806d8c70e4228c5cf4d",
                "sha256:e8fc20152abba6b83724d7ff268c249fa196d8259ff481f3b1476383f8f24e42",
                "sha256:eaa9599de571d72e2daf60164784109f19978b327a3910d3e9de8c97b5b70cfe",
                "sha256:ec15a59cf5af7be74194f7ab02d0f59a62bdcf1a537677ce67a2537c9b87fcda",
                "sha256:f190daf01f13c72eac4efd5c430a8de82489d9cff23c364c3ea822545032993e",
                "sha256:f34c41761022dd093b4b6896d4810782ffbabe30f2d443ff5f083e0cbbb8c737",
                "sha256:f3e98bb3798ead92273dc0e5fd0f31ade220f59a266ffd8a4f6065e0a3ce0523",
                "sha256:f42d0984e947b8adf7dd6dde396e720934d12c506ce84eea8476409563607591",
                "sha256:f71a396b3bf33ecaa1626c255855702aca4d3d9fea5e051b41ac59a9c1c41edc",
                "sha256:f9e130248f4462aaa8e2552d547f36ddadbeaa573879158d721bbd33dfe4743a",
                "sha256:fed51ac40f757d41b7c48425901843666a6677e3e8eb0abcff09e4ba6e664f50"
            ],
            "markers": "python_version >= '3.9'",
            "version": "==3.0.3"
        },
        "marshmallow": {
            "hashes": [
                "sha256:5d2371bbe42000f2b3fb5eaa065224df7d8f8597bc19a1bbfa5bfe7fba8da889",
                "sha256:684939db93e80ad3561392f47be0230743131560a41c5110684c16e21ade0a5c"
            ],
            "index": "pypi",
            "markers": "python_version >= '3.8'",
            "version": "==3.20.1"
        },
        "matplotlib-inline": {
            "hashes": [
                "sha256:3c821cf1c209f59fb2d2d64abbf5b23b67bcb2210d663f9918dd851c6da1fcf6",
                "sha256:72f3fe8fce36b70d4a5b612f899090cd0401deddc4ea90e1572b9f4bfb058c79"
            ],
            "markers": "python_version >= '3.9'",
            "version": "==0.2.2"
        },
        "packaging": {
            "hashes": [
                "sha256:94edc256424af38762eb31306eed28beb9f0efc50a8837492c9d6fd6004aed79",
                "sha256:d7193f7c8e4e93f444fde0262bf90af30e16fa0ad0ad44cb553c87339b23cd1c"
            ],
            "markers": "python_version >= '3.9'",
            "version": "==26.3"
        },
        "parso": {
            "hashes": [
                "sha256:a8926eb2a1b915486941fdbd31e86a4baf88fe8c210f25f2f35ecec5b574ca1c",
                "sha256:eaaac4c9fdd5e9e8852dc778d2d7405897ec510f2a298071453e5e3a07914bb1"
            ],
            "markers": "python_version >= '3.6'",
            "version": "==0.8.7"
        },
        "pexpect": {
            "hashes": [
                "sha256:7236d1e080e4936be2dc3e326cec0af72acf9212a7e1d060210e70a47e253523",
                "sha256:ee7d41123f3c9911050ea2c2dac107568dc43b2d3b0c7557a33212c398ead30f"
            ],
            "markers": "sys_platform != 'win32' and sys_platform != 'emscripten'",
            "version": "==4.9.0"
        },
        "prompt-toolkit": {
            "hashes": [
                "sha256:01c0891d7f9237d5e339f7d3e42cdae80b7534abb1c7c0e3352efba6231492f2",
                "sha256:9ec8a0ad96d5c56148b3f914aa79c1564c3fde5d2e6b876e7bc327e353cf8fa6"
            ],
            "markers": "python_version >= '3.10'",
            "version": "==3.0.53"
        },
        "ptyprocess": {
            "hashes": [
                "sha256:4b41f3967fce3af57cc7e94b888626c18bf37a083e3651ca8feeb66d492fef35",
                "sha256:5c5d0a3b48ceee0b48485e0c26037c0acd7d29765ca3fbb5cb3831d347423220"
            ],
            "version": "==0.7.0"
        },
        "pure-eval": {
            "hashes": [
                "sha256:260c2774686e651b79f8b8e7fc9d80b3599ea6a66334b47d5f4abb69fc2c0ea1",
                "sha256:96cae060a313cfaad51bb761278bfb0e62dc0248d9315a81173752dc546cd37a"
            ],
            "version": "==0.2.4"
        },
        "pygments": {
            "hashes": [
                "sha256:2363c69b61c4a97c838da3b130dcd6468f4848992b21a82f2a63ec34377137d9",
                "sha256:610ca751c9bc2492b38eb9a38a7fbc93edbbb2d7182edaf34e66ae493dee5c8c"
            ],
            "markers": "python_version >= '3.9'",
            "version": "==2.21.0"
        },
        "setuptools": {
            "hashes": [
                "sha256:51a52592b3b99e102b609654876bd65f19f999935166d1352678931132b0c670",
                "sha256:f4695c21257f0d9b537ec2692c941d02ee143b7cc1276941349a546573b2ef73"
            ],
            "markers": "python_version >= '3.10'",
            "version": "==84.0.0"
        },
        "sqlalchemy": {
            "hashes": [
                "sha256:03cbf8d9a67da618bd65500a5eb3ddac89caf4c61e99b2f03fa4a1952a0725a9",
                "sha256:0e7a76d5dce712ce50435d0f97181eb955ec27d138c004176f01282e063bac52",
                "sha256:1019abef05a4b5eafc8eae6fb483167fa28a4dbe5f518d577b744f31a5276a37",
                "sha256:18a8b6417cbb7b735cf91c2b59453c2a554cefa0a8d7bd15aa35740739410d77",
                "sha256:1d887fbd5d248e250807bd801e697fc73e3b44866ce5f093dbc90512e75bde25",
                "sha256:24ae093dec196ba37fc2beb0316de53e7871d3d246a50faecbbb53034e41ded2",
                "sha256:264460333ed0b177cbb1956355d0ee4e0cab83fb415c934ce12a25db2e7be39c",
                "sha256:279bde5bfedb0f3e0f1bdbcffa2daa39c6c54d90f9408ef3b1802001597199f0",
                "sha256:2f61a70b3b82e2ec7ad6a4f2301422b9ca93ff06917983e41317bcae878bddf6",
                "sha256:31d5458672a6f72db2c087f4a5098b3c8503ea0254186ff29205d63afa9401a4",
                "sha256:32de6deded25e8b9b11d07428d496ff24dfbc882b8e990c177266948cb5f3d9e",
                "sha256:330d35f9ce815d35cb1daab038d4d7ec0e907f4d7ed0fc8bcb2411d1f23d0b50",
                "sha256:34e10af7d274a5c4b7cd0fced5e7361008c5e07d97dd48a93852d5b2f1142a1c",
                "sha256:3de32cc6721eb42c3aad35bcfb244bb7a18f66c00f3582aae6281d6287a339b5",
                "sha256:415239eb2ddbbc508ba4cac97affb91c0f210548fd1731edda6e529b0bb93015",
                "sha256:48611087a75d26d798003645c688c7d3cfc26b89dbe4a2c568d6b378d330deae",
                "sha256:4e55a0b96a1577a1e108c91ccdeeb9cd92768f28ce206597311c3bf6d6423abd",
                "sha256:4e8a4afcc7d714cc3c8a57facdff4c3529f5f93d71e54b7da1e03e022c9089c9",
                "sha256:5417322b3c025dd82918725d3bf09ec105fac95efc195722b8b06e1d9c381139",
                "sha256:5800ddea045c2c860ef1d359a07a3066c7c0c426f45e3abc3874e116cb3c6937",
                "sha256:63cae7210fea9899e0bf35c1f1ae55d3ddd9c6d47cae8b6b43d945afa79dd65b",
                "sha256:68d994e9b0d0423a02a20039631fa6fcbb7fa829a992f7605025774940305d19",
                "sha256:69cab115c40fd02c5a22c68e4ee630fa6ef9a1650f1de944419aab1f7096fc4f",
                "sha256:6b6d4e601c4f6d85e99bb3416107cc9418c5603ca73d4ee0f5f8d79c2a1ed9e8",
                "sha256:6f84099e4b04a5c2d44500a2a8302eee5af4bc6fee63e8c6e9cf6786e747280e",
                "sha256:7108f410f596c5ac22fe43ba467e864d27c4e1477ae89e90c6c87120b2c1be23",
                "sha256:744fb219a390561a57dbbd59cd69a22b5b5b2facfde794c1f79236dd847fa67a",
                "sha256:762cfe4d340c56368256d936a98b620a9a5650e49c1c84eba51d6edd17ffefb2",
                "sha256:7b973e4facc2f80e42f5a27b841feb7e202661881a6320580abbe597a28a007f",
                "sha256:7d03084f3352dd92048cb19c71d90f116d076c9c7937e0ebc7752c4685de6d38",
                "sha256:7e33a631ab1474f8fe6b910bd1a07b7b8009c4c78cdd3fb18001b03e3bc2e1d2",
                "sha256:842540e4382472f23c79589995752648d14696a8200d0807ed8c5c59c92ade44",
                "sha256:87ba8834318b0d8dc94fc6f405d071b5c08be32a6c3fd68107fd6952ee949615",
                "sha256:92622fbbda1b1fe1632f3402a6e516a93c0e41d9158839c6b3dfb12117f26b72",
                "sha256:a0956dc754d3884da7fe60097110ec7a8a105d26afa2f0844468f4b1598c6912",
                "sha256:abd6b21bc58e91c1932eb5d6d7f1bd44a551dfec7b6a7f517c3638ccd67233a0",
                "sha256:b374e3bc91e246a942592a98ba6a23be76fff21358b00546ac8c0ebc0fd0e00b",
                "sha256:b67749f7da3985a529cefbb1474783cb91ef44371cb9713630bade3de908760d",
                "sha256:b67c1744e453af833667fc1b84de07adb4a64f3536ef52a8ec5ac2b941d43970",
                "sha256:b6c419c83a87fd901f0b1b5338ffcb82471c3ac32a86bb8883688c18f8eb85d3",
                "sha256:b9086b8ad48280ef6a7ba68262d5e44f7db1c4cb1973e8cdae8a9f467ae66f51",
                "sha256:baa8521e8ee9f24e75dfc7aaabc08020e551ef0d48d7c3e3536f5cddf277586b",
                "sha256:c1a3455a88f66e4851792bedb098ed942912253d31caed1dbc58afbfa9e875cd",
                "sha256:ca05f4e7852cf48083b0cf157e4f9504b7068780422a50fa82f45353b8c5e14a",
                "sha256:cad78d04254967bdbcccbed5e631d88fe4868530946ab0929aa45e9032849518",
                "sha256:cf89e92bf0d4204a6afcc17af27b9271ed9c7e34e17d6f80c085d431ea4a1747",
                "sha256:d31a2bc06a854ee52dd86b455be4df7c750b28817e2d1b884e31fff126c4fd7b",
                "sha256:d566099d60cded87d175d4171dc899b9613d2e3b663573364565ca1b27ccd241",
                "sha256:d65f8ca742ef1e1e14bc417ef59dc2ddf207a7b66b30cfdc6152447314e030cf",
                "sha256:d6adf80277372a89910a0f3ccfe960b846d279dc55b366dd5c5ec07f41c84758",
                "sha256:deeab253fe01a770f634c7007c73702df2324c868a79ae756507a9a1a76294fe",
                "sha256:e08397c6c42f53b2488acde9108b8bfefd52d7afd1bf2f03d2ffcab7a204aceb",
                "sha256:e1f455db400289f77ba2f7b62fffafe8875153812d0e3777aa4ff2b34a0fc1f7",
                "sha256:f3ea33bcf0aa599c1511fe5c9fb126f45aa450419084c4823f786155fe4c79f1",
                "sha256:f4e8f955d13af83fb4e35c3472e5377ee22d3445eada1e5e48199588edb69835",
                "sha256:f5c09090b1a7c4d389d1431f820931e8df318f82caafc53f9a72c872fef467c5",
                "sha256:f8cc6532f930c27974e9239e5ce5abebe7600ba9807cea4fcf42f1b6cab18fe7",
                "sha256:ffba7eb2d67c7505e82a0902aa854d8824b74c28a183820d6a8bd3cfd0f812c2"
            ],
            "markers": "python_version >= '3.7'",
            "version": "==2.0.54"
        },
        "stack-data": {
            "hashes": [
                "sha256:836a778de4fec4dcd1dcd89ed8abff8a221f58308462e1c4aa2a3cf30148f0b9",
                "sha256:d5558e0c25a4cb0853cddad3d77da9891a08cb85dd9f9f91b9f8cd66e511e695"
            ],
            "version": "==0.6.3"
        },
        "toml": {
            "hashes": [
                "sha256:806143ae5bfb6a3c6e736a764057db0e6a0e05e338b5630894a5f779cabb4f9b",
                "sha256:b3bda1d108d5dd99f4a20d24d9c348e91c4db7ab1b749200bded2f839ccbe68f"
            ],
            "markers": "python_version >= '2.6' and python_version not in '3.0, 3.1, 3.2'",
            "version": "==0.10.2"
        },
        "tomli": {
            "hashes": [
                "sha256:01f520d4f53ef97964a240a035ec2a869fe1a37dde002b57ebc4417a27ccd853",
                "sha256:0d85819802132122da43cb86656f8d1f8c6587d54ae7dcaf30e90533028b49fe",
                "sha256:136443dbd7e1dee43c68ac2694fde36b2849865fa258d39bf822c10e8068eac5",
                "sha256:1d8591993e228b0c930c4bb0db464bdad97b3289fb981255d6c9a41aedc84b2d",
                "sha256:2190f2e9dd7508d2a90ded5ed369255980a1bcdd58e52f7fe24b8162bf9fedbd",
                "sha256:2c1c351919aca02858f740c6d33adea0c5deea37f9ecca1cc1ef9e884a619d26",
                "sha256:36d2bd2ad5fb9eaddba5226aa02c8ec3fa4f192631e347b3ed28186d43be6b54",
                "sha256:3d48a93ee1c9b79c04bb38772ee1b64dcf18ff43085896ea460ca8dec96f35f6",
                "sha256:47149d5bd38761ac8be13a84864bf0b7b70bc051806bc3669ab1cbc56216b23c",
                "sha256:4ab97e64ccda8756376892c53a72bd1f964e519c77236368527f758fbc36a53a",
                "sha256:4b605484e43cdc43f0954ddae319fb75f04cc10dd80d830540060ee7cd0243cd",
                "sha256:504aa796fe0569bb43171066009ead363de03675276d2d121ac1a4572397870f",
                "sha256:51529d40e3ca50046d7606fa99ce3956a617f9b36380da3b7f0dd3dd28e68cb5",
                "sha256:52c8ef851d9a240f11a88c003eacb03c31fc1c9c4ec64a99a0f922b93874fda9",
                "sha256:559db847dc486944896521f68d8190be1c9e719fced785720d2216fe7022b662",
                "sha256:5a881ab208c0baf688221f8cecc5401bd291d67e38a1ac884d6736cbcd8247e9",
                "sha256:5cb41aa38891e073ee49d55fbc7839cfdb2bc0e600add13874d048c94aadddd1",
                "sha256:5e262d41726bc187e69af7825504c933b6794dc3fbd5945e41a79bb14c31f585",
                "sha256:5ee18d9ebdb417e384b58fe414e8d6af9f4e7a0ae761519fb50f721de398dd4e",
                "sha256:7008df2e7655c495dd12d2a4ad038ff878d4ca4b81fccaf82b714e07eae4402c",
                "sha256:734e20b57ba95624ecf1841e72b53f6e186355e216e5412de414e3c51e5e3c41",
                "sha256:7c7e1a961a0b2f2472c1ac5b69affa0ae1132c39adcb67aba98568702b9cc23f",
                "sha256:7f86fd587c4ed9dd76f318225e7d9b29cfc5a9d43de44e5754db8d1128487085",
                "sha256:7f94b27a62cfad8496c8d2513e1a222dd446f095fca8987fceef261225538a15",
                "sha256:88dceee75c2c63af144e456745e10101eb67361050196b0b6af5d717254dddf7",
                "sha256:8a650c2dbafa08d42e51ba0b62740dae4ecb9338eefa093aa5c78ceb546fcd5c",
                "sha256:8d65a2fbf9d2f8352685bc1364177ee3923d6baf5e7f43ea4959d7d8bc326a36",
                "sha256:96481a5786729fd470164b47cdb3e0e58062a496f455ee41b4403be77cb5a076",
                "sha256:a120733b01c45e9a0c34aeef92bf0cf1d56cfe81ed9d47d562f9ed591a9828ac",
                "sha256:b1d22e6e9387bf4739fbe23bfa80e93f6b0373a7f1b96c6227c32bef95a4d7a8",
                "sha256:b8c198f8c1805dc42708689ed6864951fd2494f924149d3e4bce7710f8eb5232",
                "sha256:c2541745709bad0264b7d4705ad453b76ccd191e64aa6f0fc66b69a293a45ece",
                "sha256:c742f741d58a28940ce01d58f0ab2ea3ced8b12402f162f4d534dfe18ba1cd6a",
                "sha256:c7f2c7f2b9ca6bdeef8f0fa897f8e05085923eb091721675170254cbc5b02897",
                "sha256:d312ef37c91508b0ab2cee7da26ec0b3ed2f03ce12bd87a588d771ae15dcf82d",
                "sha256:d4d8fe59808a54658fcc0160ecfb1b30f9089906c50b23bcb4c69eddc19ec2b4",
                "sha256:da25dc3563bff5965356133435b757a795a17b17d01dbc0f42fb32447ddfd917",
                "sha256:eab21f45c7f66c13f2a9e0e1535309cee140182a9cdae1e041d02e47291e8396",
                "sha256:eb0dc4e38e6a1fd579e5d50369aa2e10acfc9cace504579b2faabb478e76941a",
                "sha256:ec9bfaf3ad2df51ace80688143a6a4ebc09a248f6ff781a9945e51937008fcbc",
                "sha256:ede3e6487c5ef5d28634ba3f31f989030ad6af71edfb0055cbbd14189ff240ba",
                "sha256:f3c6818a1a86dd6dca7ddcaaf76947d5ba31aecc28cb1b67009a5877c9a64f3f",
                "sha256:f758f1b9299d059cc3f6546ae2af89670cb1c4d48ea29c3cacc4fe7de3058257",
                "sha256:f8f0fc26ec2cc2b965b7a3b87cd19c5c6b8c5e5f436b984e85f486d652285c30",
                "sha256:fd0409a3653af6c147209d267a0e4243f0ae46b011aa978b1080359fddc9b6cf",
                "sha256:ff18e6a727ee0ab0388507b89d1bc6a22b138d1e2fa56d1ad494586d61d2eae9",
                "sha256:ff2983983d34813c1aeb0fa89091e76c3a22889ee83ab27c5eeb45100560c049"
            ],
            "markers": "python_version >= '3.8'",
            "version": "==2.4.1"
        },
        "traitlets": {
            "hashes": [
                "sha256:ed900c2b631aa3a112811139fa97b8d2c3bad5e989656bba4b7e52c7852c18c1",
                "sha256:f775618166caa0396c8e337099240f2bd3e5e917d203b2e6fbe21a58d3cb1f6b"
            ],
            "markers": "python_version >= '3.10'",
            "version": "==5.16.1"
        },
        "typing-extensions": {
            "hashes": [
                "sha256:481caa481374e813c1b176ada14e97f1f67a4539ce9cfeb3f350d78d6370c2e8",
                "sha256:dc983d19a509c94dba722ee6abd33940f7c05a89e243c47e907eb4db6f1a43e5"
            ],
            "markers": "python_version >= '3.9'",
            "version": "==4.16.0"
        },
        "wcwidth": {
            "hashes": [
                "sha256:03cfca3dcbffa86564290fe3c9978a6191ba003e8ced7f7dbda315fcb3fbe725",
                "sha256:0665ee822ea04e25801e6e82e5407528be0863e88a17b0e7ca038843a4a3ac0c",
                "sha256:0d68a30d504c68cfdff2a5f804675c1e7ab4c0bbe878024c8b680ec5579cde67",
                "sha256:10b00ba23482e352f874d2e8135e7ace9da838646c7dd800566246bbd46125ff",
                "sha256:356376852357b8fca71fe5415808ec421679e04b4a98eb7c9cb6a7984b911a05",
                "sha256:40d936d72c9bdc10df43f93a8be502bc5024b487259139f66a328722c07f34a9",
                "sha256:5823209b0d43af322ce698c689380d7c15ca31fa8e6e3be8459f27031bef0af5",
                "sha256:61bd7aef9cafb6cb77a37a169998d7928ce82a51522146d11f60db9e7d1cb43a",
                "sha256:69bb970cf5652b88cfdb9d3fdd1764fc15e5f8ad531643e7bb3e894cd969740e",
                "sha256:6e1272b7986cefe79783737e38bdb9eaae0682b333c7bd132024441193dd5ce7",
                "sha256:708158c082364af442f9983de7b6ec9ac0d2e1b825ada25f0911b1f138d55405",
                "sha256:747fb724223f417a17541a95a17c1dac3a8ef9a0cf41684950f0eab191a35f65",
                "sha256:991d1c8834f548e9c1f16432075ee84638e122312556bbf1ed595ea8fffc4673",
                "sha256:9f1636c5075ffd5c2e835b4561874f6e5dd2bbeba3c6c2c99f067d0d16883af8",
                "sha256:b5da43d6967668982e44a52fb551967d293f86d26cd86036ac95bbdd34394ed9",
                "sha256:bcb9ed4a367cc025bf1092ac679a156759605182d60b7ed3c28f7221a42ddf55",
                "sha256:c4cead196551112cb8f43cdd1f80c235ef2456e34b1a9955c424537ec99961b2",
                "sha256:dc10e262c3ac0abbfd0a2a51e45a848b1b7f500b21ff512630277973ba25674d",
                "sha256:e0c3a1c45c5b9550c6919a4449e95f5b177f6e165786376981db8f1addae9b21",
                "sha256:eab587e18e7cadf1a750b0098fc8bebfb62c125eb9306f2268f0443a282a3d78",
                "sha256:fe021c4d8de9d36c31a0cb41d0d2546dadd3b0708a301f1a0c66ce200851831f"
            ],
            "markers": "python_version >= '3.9'",
            "version": "==0.9.1"
        },
        "werkzeug": {
            "hashes": [
                "sha256:7ea2d48322cc7c0f8b3a215ed73eabd7b5d75d0b50e31ab006286ccff9e00b8f",
                "sha256:f979ab81f58d7318e064e99c4506445d60135ac5cd2e177a2de0089bfd4c9bd5"
            ],
            "index": "pypi",
            "markers": "python_version >= '3.7'",
            "version": "==2.2.2"
        },
        "zipp": {
            "hashes": [
                "sha256:25ad4e16390cd314347dd8f1de67a2ac538ae658ed4ab9db16029c07c188e97f",
                "sha256:4cb57381f544315db7688e976e922a2b18cdb513d21cc194eb42232ba2a3e602"
            ],
            "markers": "python_version >= '3.10'",
            "version": "==4.1.0"
        }
    },
    "develop": {}
}
